
Microsoft Visual Studio Solution File, Format Version 12.00
# Visual Studio Version 16
VisualStudioVersion = 16.0.30907.101
MinimumVisualStudioVersion = 10.0.40219.1
Project("{FAE04EC0-301F-11D3-BF4B-00C04F79EFBC}") = "BugTrackingService", "BugTrackingService\BugTrackingService.csproj", "{3639379E-26FE-4B71-BF6D-9244EE68C7D5}"
EndProject
Project("{FAE04EC0-301F-11D3-BF4B-00C04F79EFBC}") = "BugTrackingServiceHost", "BugTrackingServiceHost\BugTrackingServiceHost.csproj", "{ECDE480C-C7F6-48DB-8ABC-95FF3133B546}"
EndProject
Project("{FAE04EC0-301F-11D3-BF4B-00C04F79EFBC}") = "BugTrackingWebApplication", "BugTrackingWebApplication\BugTrackingWebApplication.csproj", "{3D17F372-4CD7-4D62-9E17-81929BF2F4DE}"
	ProjectSection(ProjectDependencies) = postProject
		{3639379E-26FE-4B71-BF6D-9244EE68C7D5} = {3639379E-26FE-4B71-BF6D-9244EE68C7D5}
	EndProjectSection
EndProject
Global
	GlobalSection(SolutionConfigurationPlatforms) = preSolution
		Debug|Any CPU = Debug|Any CPU
		Release|Any CPU = Release|Any CPU
	EndGlobalSection
	GlobalSection(ProjectConfigurationPlatforms) = postSolution
		{3639379E-26FE-4B71-BF6D-9244EE68C7D5}.Debug|Any CPU.ActiveCfg = Debug|Any CPU
		{3639379E-26FE-4B71-BF6D-9244EE68C7D5}.Debug|Any CPU.Build.0 = Debug|Any CPU
		{3639379E-26FE-4B71-BF6D-9244EE68C7D5}.Release|Any CPU.ActiveCfg = Release|Any CPU
		{3639379E-26FE-4B71-BF6D-9244EE68C7D5}.Release|Any CPU.Build.0 = Release|Any CPU
		{ECDE480C-C7F6-48DB-8ABC-95FF3133B546}.Debug|Any CPU.ActiveCfg = Debug|Any CPU
		{ECDE480C-C7F6-48DB-8ABC-95FF3133B546}.Debug|Any CPU.Build.0 = Debug|Any CPU
		{ECDE480C-C7F6-48DB-8ABC-95FF3133B546}.Release|Any CPU.ActiveCfg = Release|Any CPU
		{ECDE480C-C7F6-48DB-8ABC-95FF3133B546}.Release|Any CPU.Build.0 = Release|Any CPU
		{3D17F372-4CD7-4D62-9E17-81929BF2F4DE}.Debug|Any CPU.ActiveCfg = Debug|Any CPU
		{3D17F372-4CD7-4D62-9E17-81929BF2F4DE}.Debug|Any CPU.Build.0 = Debug|Any CPU
		{3D17F372-4CD7-4D62-9E17-81929BF2F4DE}.Release|Any CPU.ActiveCfg = Release|Any CPU
		{3D17F372-4CD7-4D62-9E17-81929BF2F4DE}.Release|Any CPU.Build.0 = Release|Any CPU
	EndGlobalSection
	GlobalSection(SolutionProperties) = preSolution
		HideSolutionNode = FALSE
	EndGlobalSection
	GlobalSection(ExtensibilityGlobals) = postSolution
		SolutionGuid = {C78581C7-2207-412E-8E8A-F3584A3099B7}
	EndGlobalSection
EndGlobal
